
Microsoft Visual Studio Solution File, Format Version 12.00
# Visual Studio 2013
VisualStudioVersion = 12.0.30501.0
MinimumVisualStudioVersion = 10.0.40219.1
Project("{FAE04EC0-301F-11D3-BF4B-00C04F79EFBC}") = "MineSweeper.Forms", "MineSweeper\MineSweeper\MineSweeper.Forms.csproj", "{98F13244-500E-4EFE-BF7C-A21181DABCF7}"
EndProject
Project("{FAE04EC0-301F-11D3-BF4B-00C04F79EFBC}") = "MineSweeper.iOS", "MineSweeper\MineSweeper.iOS\MineSweeper.iOS.csproj", "{9E6CEAD7-C953-492B-A2DA-F02A93BE3788}"
EndProject
Project("{FAE04EC0-301F-11D3-BF4B-00C04F79EFBC}") = "MineSweeper.Android", "MineSweeper\MineSweeper.Android\MineSweeper.Android.csproj", "{5A1CF23C-4086-4365-8652-98190257C037}"
EndProject
Project("{FAE04EC0-301F-11D3-BF4B-00C04F79EFBC}") = "MineSweeper.WinPhone", "MineSweeper\MineSweeper.WinPhone\MineSweeper.WinPhone.csproj", "{9F6DD89C-745E-4F69-847B-D5C5C0054FDE}"
EndProject
Project("{FAE04EC0-301F-11D3-BF4B-00C04F79EFBC}") = "MineSweeper.Core", "MineSweeper.Core\MineSweeper.Core.csproj", "{67F9D3A8-F71E-4428-913F-C37AE82CDB24}"
EndProject
Global
	GlobalSection(SolutionConfigurationPlatforms) = preSolution
		Ad-Hoc|Any CPU = Ad-Hoc|Any CPU
		Ad-Hoc|ARM = Ad-Hoc|ARM
		Ad-Hoc|iPhone = Ad-Hoc|iPhone
		Ad-Hoc|iPhoneSimulator = Ad-Hoc|iPhoneSimulator
		Ad-Hoc|Mixed Platforms = Ad-Hoc|Mixed Platforms
		Ad-Hoc|x86 = Ad-Hoc|x86
		AppStore|Any CPU = AppStore|Any CPU
		AppStore|ARM = AppStore|ARM
		AppStore|iPhone = AppStore|iPhone
		AppStore|iPhoneSimulator = AppStore|iPhoneSimulator
		AppStore|Mixed Platforms = AppStore|Mixed Platforms
		AppStore|x86 = AppStore|x86
		Debug|Any CPU = Debug|Any CPU
		Debug|ARM = Debug|ARM
		Debug|iPhone = Debug|iPhone
		Debug|iPhoneSimulator = Debug|iPhoneSimulator
		Debug|Mixed Platforms = Debug|Mixed Platforms
		Debug|x86 = Debug|x86
		Release|Any CPU = Release|Any CPU
		Release|ARM = Release|ARM
		Release|iPhone = Release|iPhone
		Release|iPhoneSimulator = Release|iPhoneSimulator
		Release|Mixed Platforms = Release|Mixed Platforms
		Release|x86 = Release|x86
	EndGlobalSection
	GlobalSection(ProjectConfigurationPlatforms) = postSolution
		{98F13244-500E-4EFE-BF7C-A21181DABCF7}.Ad-Hoc|Any CPU.ActiveCfg = Release|Any CPU
		{98F13244-500E-4EFE-BF7C-A21181DABCF7}.Ad-Hoc|Any CPU.Build.0 = Release|Any CPU
		{98F13244-500E-4EFE-BF7C-A21181DABCF7}.Ad-Hoc|ARM.ActiveCfg = Release|Any CPU
		{98F13244-500E-4EFE-BF7C-A21181DABCF7}.Ad-Hoc|iPhone.ActiveCfg = Release|Any CPU
		{98F13244-500E-4EFE-BF7C-A21181DABCF7}.Ad-Hoc|iPhoneSimulator.ActiveCfg = Release|Any CPU
		{98F13244-500E-4EFE-BF7C-A21181DABCF7}.Ad-Hoc|Mixed Platforms.ActiveCfg = Release|Any CPU
		{98F13244-500E-4EFE-BF7C-A21181DABCF7}.Ad-Hoc|Mixed Platforms.Build.0 = Release|Any CPU
		{98F13244-500E-4EFE-BF7C-A21181DABCF7}.Ad-Hoc|x86.ActiveCfg = Release|Any CPU
		{98F13244-500E-4EFE-BF7C-A21181DABCF7}.AppStore|Any CPU.ActiveCfg = Release|Any CPU
		{98F13244-500E-4EFE-BF7C-A21181DABCF7}.AppStore|Any CPU.Build.0 = Release|Any CPU
		{98F13244-500E-4EFE-BF7C-A21181DABCF7}.AppStore|ARM.ActiveCfg = Release|Any CPU
		{98F13244-500E-4EFE-BF7C-A21181DABCF7}.AppStore|iPhone.ActiveCfg = Release|Any CPU
		{98F13244-500E-4EFE-BF7C-A21181DABCF7}.AppStore|iPhoneSimulator.ActiveCfg = Release|Any CPU
		{98F13244-500E-4EFE-BF7C-A21181DABCF7}.AppStore|Mixed Platforms.ActiveCfg = Release|Any CPU
		{98F13244-500E-4EFE-BF7C-A21181DABCF7}.AppStore|Mixed Platforms.Build.0 = Release|Any CPU
		{98F13244-500E-4EFE-BF7C-A21181DABCF7}.AppStore|x86.ActiveCfg = Release|Any CPU
		{98F13244-500E-4EFE-BF7C-A21181DABCF7}.Debug|Any CPU.ActiveCfg = Debug|Any CPU
		{98F13244-500E-4EFE-BF7C-A21181DABCF7}.Debug|Any CPU.Build.0 = Debug|Any CPU
		{98F13244-500E-4EFE-BF7C-A21181DABCF7}.Debug|ARM.ActiveCfg = Debug|Any CPU
		{98F13244-500E-4EFE-BF7C-A21181DABCF7}.Debug|iPhone.ActiveCfg = Debug|Any CPU
		{98F13244-500E-4EFE-BF7C-A21181DABCF7}.Debug|iPhoneSimulator.ActiveCfg = Debug|Any CPU
		{98F13244-500E-4EFE-BF7C-A21181DABCF7}.Debug|Mixed Platforms.ActiveCfg = Debug|Any CPU
		{98F13244-500E-4EFE-BF7C-A21181DABCF7}.Debug|Mixed Platforms.Build.0 = Debug|Any CPU
		{98F13244-500E-4EFE-BF7C-A21181DABCF7}.Debug|x86.ActiveCfg = Debug|Any CPU
		{98F13244-500E-4EFE-BF7C-A21181DABCF7}.Release|Any CPU.ActiveCfg = Release|Any CPU
		{98F13244-500E-4EFE-BF7C-A21181DABCF7}.Release|Any CPU.Build.0 = Release|Any CPU
		{98F13244-500E-4EFE-BF7C-A21181DABCF7}.Release|ARM.ActiveCfg = Release|Any CPU
		{98F13244-500E-4EFE-BF7C-A21181DABCF7}.Release|iPhone.ActiveCfg = Release|Any CPU
		{98F13244-500E-4EFE-BF7C-A21181DABCF7}.Release|iPhoneSimulator.ActiveCfg = Release|Any CPU
		{98F13244-500E-4EFE-BF7C-A21181DABCF7}.Release|Mixed Platforms.ActiveCfg = Release|Any CPU
		{98F13244-500E-4EFE-BF7C-A21181DABCF7}.Release|Mixed Platforms.Build.0 = Release|Any CPU
		{98F13244-500E-4EFE-BF7C-A21181DABCF7}.Release|x86.ActiveCfg = Release|Any CPU
		{9E6CEAD7-C953-492B-A2DA-F02A93BE3788}.Ad-Hoc|Any CPU.ActiveCfg = Ad-Hoc|iPhone
		{9E6CEAD7-C953-492B-A2DA-F02A93BE3788}.Ad-Hoc|ARM.ActiveCfg = Ad-Hoc|iPhone
		{9E6CEAD7-C953-492B-A2DA-F02A93BE3788}.Ad-Hoc|iPhone.ActiveCfg = Ad-Hoc|iPhone
		{9E6CEAD7-C953-492B-A2DA-F02A93BE3788}.Ad-Hoc|iPhone.Build.0 = Ad-Hoc|iPhone
		{9E6CEAD7-C953-492B-A2DA-F02A93BE3788}.Ad-Hoc|iPhoneSimulator.ActiveCfg = Ad-Hoc|iPhoneSimulator
		{9E6CEAD7-C953-492B-A2DA-F02A93BE3788}.Ad-Hoc|iPhoneSimulator.Build.0 = Ad-Hoc|iPhoneSimulator
		{9E6CEAD7-C953-492B-A2DA-F02A93BE3788}.Ad-Hoc|Mixed Platforms.ActiveCfg = Ad-Hoc|iPhone
		{9E6CEAD7-C953-492B-A2DA-F02A93BE3788}.Ad-Hoc|Mixed Platforms.Build.0 = Ad-Hoc|iPhone
		{9E6CEAD7-C953-492B-A2DA-F02A93BE3788}.Ad-Hoc|x86.ActiveCfg = Ad-Hoc|iPhone
		{9E6CEAD7-C953-492B-A2DA-F02A93BE3788}.AppStore|Any CPU.ActiveCfg = AppStore|iPhone
		{9E6CEAD7-C953-492B-A2DA-F02A93BE3788}.AppStore|ARM.ActiveCfg = AppStore|iPhone
		{9E6CEAD7-C953-492B-A2DA-F02A93BE3788}.AppStore|iPhone.ActiveCfg = AppStore|iPhone
		{9E6CEAD7-C953-492B-A2DA-F02A93BE3788}.AppStore|iPhone.Build.0 = AppStore|iPhone
		{9E6CEAD7-C953-492B-A2DA-F02A93BE3788}.AppStore|iPhoneSimulator.ActiveCfg = AppStore|iPhoneSimulator
		{9E6CEAD7-C953-492B-A2DA-F02A93BE3788}.AppStore|iPhoneSimulator.Build.0 = AppStore|iPhoneSimulator
		{9E6CEAD7-C953-492B-A2DA-F02A93BE3788}.AppStore|Mixed Platforms.ActiveCfg = AppStore|iPhone
		{9E6CEAD7-C953-492B-A2DA-F02A93BE3788}.AppStore|Mixed Platforms.Build.0 = AppStore|iPhone
		{9E6CEAD7-C953-492B-A2DA-F02A93BE3788}.AppStore|x86.ActiveCfg = AppStore|iPhone
		{9E6CEAD7-C953-492B-A2DA-F02A93BE3788}.Debug|Any CPU.ActiveCfg = Debug|iPhone
		{9E6CEAD7-C953-492B-A2DA-F02A93BE3788}.Debug|ARM.ActiveCfg = Debug|iPhone
		{9E6CEAD7-C953-492B-A2DA-F02A93BE3788}.Debug|iPhone.ActiveCfg = Debug|iPhone
		{9E6CEAD7-C953-492B-A2DA-F02A93BE3788}.Debug|iPhone.Build.0 = Debug|iPhone
		{9E6CEAD7-C953-492B-A2DA-F02A93BE3788}.Debug|iPhoneSimulator.ActiveCfg = Debug|iPhoneSimulator
		{9E6CEAD7-C953-492B-A2DA-F02A93BE3788}.Debug|iPhoneSimulator.Build.0 = Debug|iPhoneSimulator
		{9E6CEAD7-C953-492B-A2DA-F02A93BE3788}.Debug|Mixed Platforms.ActiveCfg = Debug|iPhone
		{9E6CEAD7-C953-492B-A2DA-F02A93BE3788}.Debug|Mixed Platforms.Build.0 = Debug|iPhone
		{9E6CEAD7-C953-492B-A2DA-F02A93BE3788}.Debug|x86.ActiveCfg = Debug|iPhone
		{9E6CEAD7-C953-492B-A2DA-F02A93BE3788}.Release|Any CPU.ActiveCfg = Release|iPhone
		{9E6CEAD7-C953-492B-A2DA-F02A93BE3788}.Release|ARM.ActiveCfg = Release|iPhone
		{9E6CEAD7-C953-492B-A2DA-F02A93BE3788}.Release|iPhone.ActiveCfg = Release|iPhone
		{9E6CEAD7-C953-492B-A2DA-F02A93BE3788}.Release|iPhone.Build.0 = Release|iPhone
		{9E6CEAD7-C953-492B-A2DA-F02A93BE3788}.Release|iPhoneSimulator.ActiveCfg = Release|iPhoneSimulator
		{9E6CEAD7-C953-492B-A2DA-F02A93BE3788}.Release|iPhoneSimulator.Build.0 = Release|iPhoneSimulator
		{9E6CEAD7-C953-492B-A2DA-F02A93BE3788}.Release|Mixed Platforms.ActiveCfg = Release|iPhone
		{9E6CEAD7-C953-492B-A2DA-F02A93BE3788}.Release|Mixed Platforms.Build.0 = Release|iPhone
		{9E6CEAD7-C953-492B-A2DA-F02A93BE3788}.Release|x86.ActiveCfg = Release|iPhone
		{5A1CF23C-4086-4365-8652-98190257C037}.Ad-Hoc|Any CPU.ActiveCfg = Release|Any CPU
		{5A1CF23C-4086-4365-8652-98190257C037}.Ad-Hoc|Any CPU.Build.0 = Release|Any CPU
		{5A1CF23C-4086-4365-8652-98190257C037}.Ad-Hoc|Any CPU.Deploy.0 = Release|Any CPU
		{5A1CF23C-4086-4365-8652-98190257C037}.Ad-Hoc|ARM.ActiveCfg = Release|Any CPU
		{5A1CF23C-4086-4365-8652-98190257C037}.Ad-Hoc|iPhone.ActiveCfg = Release|Any CPU
		{5A1CF23C-4086-4365-8652-98190257C037}.Ad-Hoc|iPhoneSimulator.ActiveCfg = Release|Any CPU
		{5A1CF23C-4086-4365-8652-98190257C037}.Ad-Hoc|Mixed Platforms.ActiveCfg = Release|Any CPU
		{5A1CF23C-4086-4365-8652-98190257C037}.Ad-Hoc|Mixed Platforms.Build.0 = Release|Any CPU
		{5A1CF23C-4086-4365-8652-98190257C037}.Ad-Hoc|Mixed Platforms.Deploy.0 = Release|Any CPU
		{5A1CF23C-4086-4365-8652-98190257C037}.Ad-Hoc|x86.ActiveCfg = Release|Any CPU
		{5A1CF23C-4086-4365-8652-98190257C037}.AppStore|Any CPU.ActiveCfg = Release|Any CPU
		{5A1CF23C-4086-4365-8652-98190257C037}.AppStore|Any CPU.Build.0 = Release|Any CPU
		{5A1CF23C-4086-4365-8652-98190257C037}.AppStore|Any CPU.Deploy.0 = Release|Any CPU
		{5A1CF23C-4086-4365-8652-98190257C037}.AppStore|ARM.ActiveCfg = Release|Any CPU
		{5A1CF23C-4086-4365-8652-98190257C037}.AppStore|iPhone.ActiveCfg = Release|Any CPU
		{5A1CF23C-4086-4365-8652-98190257C037}.AppStore|iPhoneSimulator.ActiveCfg = Release|Any CPU
		{5A1CF23C-4086-4365-8652-98190257C037}.AppStore|Mixed Platforms.ActiveCfg = Release|Any CPU
		{5A1CF23C-4086-4365-8652-98190257C037}.AppStore|Mixed Platforms.Build.0 = Release|Any CPU
		{5A1CF23C-4086-4365-8652-98190257C037}.AppStore|Mixed Platforms.Deploy.0 = Release|Any CPU
		{5A1CF23C-4086-4365-8652-98190257C037}.AppStore|x86.ActiveCfg = Release|Any CPU
		{5A1CF23C-4086-4365-8652-98190257C037}.Debug|Any CPU.ActiveCfg = Debug|Any CPU
		{5A1CF23C-4086-4365-8652-98190257C037}.Debug|Any CPU.Build.0 = Debug|Any CPU
		{5A1CF23C-4086-4365-8652-98190257C037}.Debug|Any CPU.Deploy.0 = Debug|Any CPU
		{5A1CF23C-4086-4365-8652-98190257C037}.Debug|ARM.ActiveCfg = Debug|Any CPU
		{5A1CF23C-4086-4365-8652-98190257C037}.Debug|iPhone.ActiveCfg = Debug|Any CPU
		{5A1CF23C-4086-4365-8652-98190257C037}.Debug|iPhoneSimulator.ActiveCfg = Debug|Any CPU
		{5A1CF23C-4086-4365-8652-98190257C037}.Debug|Mixed Platforms.ActiveCfg = Debug|Any CPU
		{5A1CF23C-4086-4365-8652-98190257C037}.Debug|Mixed Platforms.Build.0 = Debug|Any CPU
		{5A1CF23C-4086-4365-8652-98190257C037}.Debug|Mixed Platforms.Deploy.0 = Debug|Any CPU
		{5A1CF23C-4086-4365-8652-98190257C037}.Debug|x86.ActiveCfg = Debug|Any CPU
		{5A1CF23C-4086-4365-8652-98190257C037}.Release|Any CPU.ActiveCfg = Release|Any CPU
		{5A1CF23C-4086-4365-8652-98190257C037}.Release|Any CPU.Build.0 = Release|Any CPU
		{5A1CF23C-4086-4365-8652-98190257C037}.Release|Any CPU.Deploy.0 = Release|Any CPU
		{5A1CF23C-4086-4365-8652-98190257C037}.Release|ARM.ActiveCfg = Release|Any CPU
		{5A1CF23C-4086-4365-8652-98190257C037}.Release|iPhone.ActiveCfg = Release|Any CPU
		{5A1CF23C-4086-4365-8652-98190257C037}.Release|iPhoneSimulator.ActiveCfg = Release|Any CPU
		{5A1CF23C-4086-4365-8652-98190257C037}.Release|Mixed Platforms.ActiveCfg = Release|Any CPU
		{5A1CF23C-4086-4365-8652-98190257C037}.Release|Mixed Platforms.Build.0 = Release|Any CPU
		{5A1CF23C-4086-4365-8652-98190257C037}.Release|Mixed Platforms.Deploy.0 = Release|Any CPU
		{5A1CF23C-4086-4365-8652-98190257C037}.Release|x86.ActiveCfg = Release|Any CPU
		{9F6DD89C-745E-4F69-847B-D5C5C0054FDE}.Ad-Hoc|Any CPU.ActiveCfg = Release|Any CPU
		{9F6DD89C-745E-4F69-847B-D5C5C0054FDE}.Ad-Hoc|Any CPU.Build.0 = Release|Any CPU
		{9F6DD89C-745E-4F69-847B-D5C5C0054FDE}.Ad-Hoc|Any CPU.Deploy.0 = Release|Any CPU
		{9F6DD89C-745E-4F69-847B-D5C5C0054FDE}.Ad-Hoc|ARM.ActiveCfg = Release|ARM
		{9F6DD89C-745E-4F69-847B-D5C5C0054FDE}.Ad-Hoc|ARM.Build.0 = Release|ARM
		{9F6DD89C-745E-4F69-847B-D5C5C0054FDE}.Ad-Hoc|ARM.Deploy.0 = Release|ARM
		{9F6DD89C-745E-4F69-847B-D5C5C0054FDE}.Ad-Hoc|iPhone.ActiveCfg = Release|Any CPU
		{9F6DD89C-745E-4F69-847B-D5C5C0054FDE}.Ad-Hoc|iPhoneSimulator.ActiveCfg = Release|Any CPU
		{9F6DD89C-745E-4F69-847B-D5C5C0054FDE}.Ad-Hoc|Mixed Platforms.ActiveCfg = Release|x86
		{9F6DD89C-745E-4F69-847B-D5C5C0054FDE}.Ad-Hoc|Mixed Platforms.Build.0 = Release|x86
		{9F6DD89C-745E-4F69-847B-D5C5C0054FDE}.Ad-Hoc|Mixed Platforms.Deploy.0 = Release|x86
		{9F6DD89C-745E-4F69-847B-D5C5C0054FDE}.Ad-Hoc|x86.ActiveCfg = Release|x86
		{9F6DD89C-745E-4F69-847B-D5C5C0054FDE}.Ad-Hoc|x86.Build.0 = Release|x86
		{9F6DD89C-745E-4F69-847B-D5C5C0054FDE}.Ad-Hoc|x86.Deploy.0 = Release|x86
		{9F6DD89C-745E-4F69-847B-D5C5C0054FDE}.AppStore|Any CPU.ActiveCfg = Release|Any CPU
		{9F6DD89C-745E-4F69-847B-D5C5C0054FDE}.AppStore|Any CPU.Build.0 = Release|Any CPU
		{9F6DD89C-745E-4F69-847B-D5C5C0054FDE}.AppStore|Any CPU.Deploy.0 = Release|Any CPU
		{9F6DD89C-745E-4F69-847B-D5C5C0054FDE}.AppStore|ARM.ActiveCfg = Release|ARM
		{9F6DD89C-745E-4F69-847B-D5C5C0054FDE}.AppStore|ARM.Build.0 = Release|ARM
		{9F6DD89C-745E-4F69-847B-D5C5C0054FDE}.AppStore|ARM.Deploy.0 = Release|ARM
		{9F6DD89C-745E-4F69-847B-D5C5C0054FDE}.AppStore|iPhone.ActiveCfg = Release|Any CPU
		{9F6DD89C-745E-4F69-847B-D5C5C0054FDE}.AppStore|iPhoneSimulator.ActiveCfg = Release|Any CPU
		{9F6DD89C-745E-4F69-847B-D5C5C0054FDE}.AppStore|Mixed Platforms.ActiveCfg = Release|x86
		{9F6DD89C-745E-4F69-847B-D5C5C0054FDE}.AppStore|Mixed Platforms.Build.0 = Release|x86
		{9F6DD89C-745E-4F69-847B-D5C5C0054FDE}.AppStore|Mixed Platforms.Deploy.0 = Release|x86
		{9F6DD89C-745E-4F69-847B-D5C5C0054FDE}.AppStore|x86.ActiveCfg = Release|x86
		{9F6DD89C-745E-4F69-847B-D5C5C0054FDE}.AppStore|x86.Build.0 = Release|x86
		{9F6DD89C-745E-4F69-847B-D5C5C0054FDE}.AppStore|x86.Deploy.0 = Release|x86
		{9F6DD89C-745E-4F69-847B-D5C5C0054FDE}.Debug|Any CPU.ActiveCfg = Debug|Any CPU
		{9F6DD89C-745E-4F69-847B-D5C5C0054FDE}.Debug|Any CPU.Build.0 = Debug|Any CPU
		{9F6DD89C-745E-4F69-847B-D5C5C0054FDE}.Debug|Any CPU.Deploy.0 = Debug|Any CPU
		{9F6DD89C-745E-4F69-847B-D5C5C0054FDE}.Debug|ARM.ActiveCfg = Debug|ARM
		{9F6DD89C-745E-4F69-847B-D5C5C0054FDE}.Debug|ARM.Build.0 = Debug|ARM
		{9F6DD89C-745E-4F69-847B-D5C5C0054FDE}.Debug|ARM.Deploy.0 = Debug|ARM
		{9F6DD89C-745E-4F69-847B-D5C5C0054FDE}.Debug|iPhone.ActiveCfg = Debug|Any CPU
		{9F6DD89C-745E-4F69-847B-D5C5C0054FDE}.Debug|iPhoneSimulator.ActiveCfg = Debug|Any CPU
		{9F6DD89C-745E-4F69-847B-D5C5C0054FDE}.Debug|Mixed Platforms.ActiveCfg = Debug|x86
		{9F6DD89C-745E-4F69-847B-D5C5C0054FDE}.Debug|Mixed Platforms.Build.0 = Debug|x86
		{9F6DD89C-745E-4F69-847B-D5C5C0054FDE}.Debug|Mixed Platforms.Deploy.0 = Debug|x86
		{9F6DD89C-745E-4F69-847B-D5C5C0054FDE}.Debug|x86.ActiveCfg = Debug|x86
		{9F6DD89C-745E-4F69-847B-D5C5C0054FDE}.Debug|x86.Build.0 = Debug|x86
		{9F6DD89C-745E-4F69-847B-D5C5C0054FDE}.Debug|x86.Deploy.0 = Debug|x86
		{9F6DD89C-745E-4F69-847B-D5C5C0054FDE}.Release|Any CPU.ActiveCfg = Release|Any CPU
		{9F6DD89C-745E-4F69-847B-D5C5C0054FDE}.Release|Any CPU.Build.0 = Release|Any CPU
		{9F6DD89C-745E-4F69-847B-D5C5C0054FDE}.Release|Any CPU.Deploy.0 = Release|Any CPU
		{9F6DD89C-745E-4F69-847B-D5C5C0054FDE}.Release|ARM.ActiveCfg = Release|ARM
		{9F6DD89C-745E-4F69-847B-D5C5C0054FDE}.Release|ARM.Build.0 = Release|ARM
		{9F6DD89C-745E-4F69-847B-D5C5C0054FDE}.Release|ARM.Deploy.0 = Release|ARM
		{9F6DD89C-745E-4F69-847B-D5C5C0054FDE}.Release|iPhone.ActiveCfg = Release|Any CPU
		{9F6DD89C-745E-4F69-847B-D5C5C0054FDE}.Release|iPhoneSimulator.ActiveCfg = Release|Any CPU
		{9F6DD89C-745E-4F69-847B-D5C5C0054FDE}.Release|Mixed Platforms.ActiveCfg = Release|x86
		{9F6DD89C-745E-4F69-847B-D5C5C0054FDE}.Release|Mixed Platforms.Build.0 = Release|x86
		{9F6DD89C-745E-4F69-847B-D5C5C0054FDE}.Release|Mixed Platforms.Deploy.0 = Release|x86
		{9F6DD89C-745E-4F69-847B-D5C5C0054FDE}.Release|x86.ActiveCfg = Release|x86
		{9F6DD89C-745E-4F69-847B-D5C5C0054FDE}.Release|x86.Build.0 = Release|x86
		{9F6DD89C-745E-4F69-847B-D5C5C0054FDE}.Release|x86.Deploy.0 = Release|x86
		{67F9D3A8-F71E-4428-913F-C37AE82CDB24}.Ad-Hoc|Any CPU.ActiveCfg = Release|Any CPU
		{67F9D3A8-F71E-4428-913F-C37AE82CDB24}.Ad-Hoc|Any CPU.Build.0 = Release|Any CPU
		{67F9D3A8-F71E-4428-913F-C37AE82CDB24}.Ad-Hoc|ARM.ActiveCfg = Release|Any CPU
		{67F9D3A8-F71E-4428-913F-C37AE82CDB24}.Ad-Hoc|iPhone.ActiveCfg = Release|Any CPU
		{67F9D3A8-F71E-4428-913F-C37AE82CDB24}.Ad-Hoc|iPhoneSimulator.ActiveCfg = Release|Any CPU
		{67F9D3A8-F71E-4428-913F-C37AE82CDB24}.Ad-Hoc|Mixed Platforms.ActiveCfg = Release|Any CPU
		{67F9D3A8-F71E-4428-913F-C37AE82CDB24}.Ad-Hoc|Mixed Platforms.Build.0 = Release|Any CPU
		{67F9D3A8-F71E-4428-913F-C37AE82CDB24}.Ad-Hoc|x86.ActiveCfg = Release|Any CPU
		{67F9D3A8-F71E-4428-913F-C37AE82CDB24}.AppStore|Any CPU.ActiveCfg = Release|Any CPU
		{67F9D3A8-F71E-4428-913F-C37AE82CDB24}.AppStore|Any CPU.Build.0 = Release|Any CPU
		{67F9D3A8-F71E-4428-913F-C37AE82CDB24}.AppStore|ARM.ActiveCfg = Release|Any CPU
		{67F9D3A8-F71E-4428-913F-C37AE82CDB24}.AppStore|iPhone.ActiveCfg = Release|Any CPU
		{67F9D3A8-F71E-4428-913F-C37AE82CDB24}.AppStore|iPhoneSimulator.ActiveCfg = Release|Any CPU
		{67F9D3A8-F71E-4428-913F-C37AE82CDB24}.AppStore|Mixed Platforms.ActiveCfg = Release|Any CPU
		{67F9D3A8-F71E-4428-913F-C37AE82CDB24}.AppStore|Mixed Platforms.Build.0 = Release|Any CPU
		{67F9D3A8-F71E-4428-913F-C37AE82CDB24}.AppStore|x86.ActiveCfg = Release|Any CPU
		{67F9D3A8-F71E-4428-913F-C37AE82CDB24}.Debug|Any CPU.ActiveCfg = Debug|Any CPU
		{67F9D3A8-F71E-4428-913F-C37AE82CDB24}.Debug|Any CPU.Build.0 = Debug|Any CPU
		{67F9D3A8-F71E-4428-913F-C37AE82CDB24}.Debug|ARM.ActiveCfg = Debug|Any CPU
		{67F9D3A8-F71E-4428-913F-C37AE82CDB24}.Debug|iPhone.ActiveCfg = Debug|Any CPU
		{67F9D3A8-F71E-4428-913F-C37AE82CDB24}.Debug|iPhoneSimulator.ActiveCfg = Debug|Any CPU
		{67F9D3A8-F71E-4428-913F-C37AE82CDB24}.Debug|Mixed Platforms.ActiveCfg = Debug|Any CPU
		{67F9D3A8-F71E-4428-913F-C37AE82CDB24}.Debug|Mixed Platforms.Build.0 = Debug|Any CPU
		{67F9D3A8-F71E-4428-913F-C37AE82CDB24}.Debug|x86.ActiveCfg = Debug|Any CPU
		{67F9D3A8-F71E-4428-913F-C37AE82CDB24}.Release|Any CPU.ActiveCfg = Release|Any CPU
		{67F9D3A8-F71E-4428-913F-C37AE82CDB24}.Release|Any CPU.Build.0 = Release|Any CPU
		{67F9D3A8-F71E-4428-913F-C37AE82CDB24}.Release|ARM.ActiveCfg = Release|Any CPU
		{67F9D3A8-F71E-4428-913F-C37AE82CDB24}.Release|iPhone.ActiveCfg = Release|Any CPU
		{67F9D3A8-F71E-4428-913F-C37AE82CDB24}.Release|iPhoneSimulator.ActiveCfg = Release|Any CPU
		{67F9D3A8-F71E-4428-913F-C37AE82CDB24}.Release|Mixed Platforms.ActiveCfg = Release|Any CPU
		{67F9D3A8-F71E-4428-913F-C37AE82CDB24}.Release|Mixed Platforms.Build.0 = Release|Any CPU
		{67F9D3A8-F71E-4428-913F-C37AE82CDB24}.Release|x86.ActiveCfg = Release|Any CPU
	EndGlobalSection
	GlobalSection(SolutionProperties) = preSolution
		HideSolutionNode = FALSE
	EndGlobalSection
EndGlobal
